
Microsoft Visual Studio Solution File, Format Version 12.00
# Visual Studio Version 16
VisualStudioVersion = 16.0.33927.289
MinimumVisualStudioVersion = 10.0.40219.1
Project("{8BC9CEB8-8B4A-11D0-8D11-00A0C91BC942}") = "Test-OpenCV", "Test-OpenCV.vcxproj", "{84E16EDF-18D9-4B3B-BE91-B12D682ACC69}"
EndProject
Project("{8BC9CEB8-8B4A-11D0-8D11-00A0C91BC942}") = "Greyscale", "..\greyscale\greyscale.vcxproj", "{04868881-87D2-4BF6-81CB-25890399F1A6}"
EndProject
Project("{8BC9CEB8-8B4A-11D0-8D11-00A0C91BC942}") = "Play Video from File or From Camera", "..\Play Video from File or From Camera\Play Video from File or From Camera.vcxproj", "{DFF6AE05-064C-4BB9-893B-927EF8AD4843}"
EndProject
Project("{8BC9CEB8-8B4A-11D0-8D11-00A0C91BC942}") = "Load and Display Image", "..\Load and Display Image\Load and Display Image.vcxproj", "{91665AAB-3B81-48E8-B8B9-BBB0B6C61AF9}"
EndProject
Project("{8BC9CEB8-8B4A-11D0-8D11-00A0C91BC942}") = "Chapter02", "..\Chapter02\Chapter02.vcxproj", "{5BBE7C3E-9891-41D4-B04B-10FEBB0582CA}"
EndProject
Project("{8BC9CEB8-8B4A-11D0-8D11-00A0C91BC942}") = "Save Images and Videos to File", "..\Save Images and Videos to File\Save Images and Videos to File.vcxproj", "{6A33171B-A34F-4DC7-8862-0CD43AC30A80}"
EndProject
Global
	GlobalSection(SolutionConfigurationPlatforms) = preSolution
		Debug|x64 = Debug|x64
		Debug|x86 = Debug|x86
		Release|x64 = Release|x64
		Release|x86 = Release|x86
	EndGlobalSection
	GlobalSection(ProjectConfigurationPlatforms) = postSolution
		{84E16EDF-18D9-4B3B-BE91-B12D682ACC69}.Debug|x64.ActiveCfg = Debug|x64
		{84E16EDF-18D9-4B3B-BE91-B12D682ACC69}.Debug|x64.Build.0 = Debug|x64
		{84E16EDF-18D9-4B3B-BE91-B12D682ACC69}.Debug|x86.ActiveCfg = Debug|Win32
		{84E16EDF-18D9-4B3B-BE91-B12D682ACC69}.Debug|x86.Build.0 = Debug|Win32
		{84E16EDF-18D9-4B3B-BE91-B12D682ACC69}.Release|x64.ActiveCfg = Release|x64
		{84E16EDF-18D9-4B3B-BE91-B12D682ACC69}.Release|x64.Build.0 = Release|x64
		{84E16EDF-18D9-4B3B-BE91-B12D682ACC69}.Release|x86.ActiveCfg = Release|Win32
		{84E16EDF-18D9-4B3B-BE91-B12D682ACC69}.Release|x86.Build.0 = Release|Win32
		{04868881-87D2-4BF6-81CB-25890399F1A6}.Debug|x64.ActiveCfg = Debug|x64
		{04868881-87D2-4BF6-81CB-25890399F1A6}.Debug|x64.Build.0 = Debug|x64
		{04868881-87D2-4BF6-81CB-25890399F1A6}.Debug|x86.ActiveCfg = Debug|Win32
		{04868881-87D2-4BF6-81CB-25890399F1A6}.Debug|x86.Build.0 = Debug|Win32
		{04868881-87D2-4BF6-81CB-25890399F1A6}.Release|x64.ActiveCfg = Release|x64
		{04868881-87D2-4BF6-81CB-25890399F1A6}.Release|x64.Build.0 = Release|x64
		{04868881-87D2-4BF6-81CB-25890399F1A6}.Release|x86.ActiveCfg = Release|Win32
		{04868881-87D2-4BF6-81CB-25890399F1A6}.Release|x86.Build.0 = Release|Win32
		{DFF6AE05-064C-4BB9-893B-927EF8AD4843}.Debug|x64.ActiveCfg = Debug|x64
		{DFF6AE05-064C-4BB9-893B-927EF8AD4843}.Debug|x64.Build.0 = Debug|x64
		{DFF6AE05-064C-4BB9-893B-927EF8AD4843}.Debug|x86.ActiveCfg = Debug|Win32
		{DFF6AE05-064C-4BB9-893B-927EF8AD4843}.Debug|x86.Build.0 = Debug|Win32
		{DFF6AE05-064C-4BB9-893B-927EF8AD4843}.Release|x64.ActiveCfg = Release|x64
		{DFF6AE05-064C-4BB9-893B-927EF8AD4843}.Release|x64.Build.0 = Release|x64
		{DFF6AE05-064C-4BB9-893B-927EF8AD4843}.Release|x86.ActiveCfg = Release|Win32
		{DFF6AE05-064C-4BB9-893B-927EF8AD4843}.Release|x86.Build.0 = Release|Win32
		{91665AAB-3B81-48E8-B8B9-BBB0B6C61AF9}.Debug|x64.ActiveCfg = Debug|x64
		{91665AAB-3B81-48E8-B8B9-BBB0B6C61AF9}.Debug|x64.Build.0 = Debug|x64
		{91665AAB-3B81-48E8-B8B9-BBB0B6C61AF9}.Debug|x86.ActiveCfg = Debug|Win32
		{91665AAB-3B81-48E8-B8B9-BBB0B6C61AF9}.Debug|x86.Build.0 = Debug|Win32
		{91665AAB-3B81-48E8-B8B9-BBB0B6C61AF9}.Release|x64.ActiveCfg = Release|x64
		{91665AAB-3B81-48E8-B8B9-BBB0B6C61AF9}.Release|x64.Build.0 = Release|x64
		{91665AAB-3B81-48E8-B8B9-BBB0B6C61AF9}.Release|x86.ActiveCfg = Release|Win32
		{91665AAB-3B81-48E8-B8B9-BBB0B6C61AF9}.Release|x86.Build.0 = Release|Win32
		{5BBE7C3E-9891-41D4-B04B-10FEBB0582CA}.Debug|x64.ActiveCfg = Debug|x64
		{5BBE7C3E-9891-41D4-B04B-10FEBB0582CA}.Debug|x64.Build.0 = Debug|x64
		{5BBE7C3E-9891-41D4-B04B-10FEBB0582CA}.Debug|x86.ActiveCfg = Debug|Win32
		{5BBE7C3E-9891-41D4-B04B-10FEBB0582CA}.Debug|x86.Build.0 = Debug|Win32
		{5BBE7C3E-9891-41D4-B04B-10FEBB0582CA}.Release|x64.ActiveCfg = Release|x64
		{5BBE7C3E-9891-41D4-B04B-10FEBB0582CA}.Release|x64.Build.0 = Release|x64
		{5BBE7C3E-9891-41D4-B04B-10FEBB0582CA}.Release|x86.ActiveCfg = Release|Win32
		{5BBE7C3E-9891-41D4-B04B-10FEBB0582CA}.Release|x86.Build.0 = Release|Win32
		{6A33171B-A34F-4DC7-8862-0CD43AC30A80}.Debug|x64.ActiveCfg = Debug|x64
		{6A33171B-A34F-4DC7-8862-0CD43AC30A80}.Debug|x64.Build.0 = Debug|x64
		{6A33171B-A34F-4DC7-8862-0CD43AC30A80}.Debug|x86.ActiveCfg = Debug|Win32
		{6A33171B-A34F-4DC7-8862-0CD43AC30A80}.Debug|x86.Build.0 = Debug|Win32
		{6A33171B-A34F-4DC7-8862-0CD43AC30A80}.Release|x64.ActiveCfg = Release|x64
		{6A33171B-A34F-4DC7-8862-0CD43AC30A80}.Release|x64.Build.0 = Release|x64
		{6A33171B-A34F-4DC7-8862-0CD43AC30A80}.Release|x86.ActiveCfg = Release|Win32
		{6A33171B-A34F-4DC7-8862-0CD43AC30A80}.Release|x86.Build.0 = Release|Win32
	EndGlobalSection
	GlobalSection(SolutionProperties) = preSolution
		HideSolutionNode = FALSE
	EndGlobalSection
	GlobalSection(ExtensibilityGlobals) = postSolution
		SolutionGuid = {64073368-1953-40A6-806E-3A4F41EBE140}
	EndGlobalSection
EndGlobal
